
Microsoft Visual Studio Solution File, Format Version 12.00
# Visual Studio Version 17
VisualStudioVersion = 17.8.34330.188
MinimumVisualStudioVersion = 10.0.40219.1
Project("{FAE04EC0-301F-11D3-BF4B-00C04F79EFBC}") = "dot-net-first-app", "dot-net-first-app\dot-net-first-app.csproj", "{DD5205DD-E710-47A1-BC82-1F0BBB461042}"
EndProject
Global
	GlobalSection(SolutionConfigurationPlatforms) = preSolution
		Debug|Any CPU = Debug|Any CPU
		Release|Any CPU = Release|Any CPU
	EndGlobalSection
	GlobalSection(ProjectConfigurationPlatforms) = postSolution
		{DD5205DD-E710-47A1-BC82-1F0BBB461042}.Debug|Any CPU.ActiveCfg = Debug|Any CPU
		{DD5205DD-E710-47A1-BC82-1F0BBB461042}.Debug|Any CPU.Build.0 = Debug|Any CPU
		{DD5205DD-E710-47A1-BC82-1F0BBB461042}.Release|Any CPU.ActiveCfg = Release|Any CPU
		{DD5205DD-E710-47A1-BC82-1F0BBB461042}.Release|Any CPU.Build.0 = Release|Any CPU
	EndGlobalSection
	GlobalSection(SolutionProperties) = preSolution
		HideSolutionNode = FALSE
	EndGlobalSection
	GlobalSection(ExtensibilityGlobals) = postSolution
		SolutionGuid = {E48A5BB4-898E-493B-B14E-875DFD4BC3DF}
	EndGlobalSection
EndGlobal
